
Microsoft Visual Studio Solution File, Format Version 12.00
# Visual Studio Version 17
VisualStudioVersion = 17.11.35222.181
MinimumVisualStudioVersion = 10.0.40219.1
Project("{FAE04EC0-301F-11D3-BF4B-00C04F79EFBC}") = "MementoMori.Server", "MementoMori.Server\MementoMori.Server.csproj", "{0C51206D-B25D-4243-9DEC-EF52694C4A69}"
EndProject
Project("{54A90642-561A-4BB1-A94E-469ADEE60C69}") = "mementomori.client", "mementomori.client\mementomori.client.esproj", "{3E2E2D71-320C-46AB-A228-14831A4353F5}"
EndProject
Global
	GlobalSection(SolutionConfigurationPlatforms) = preSolution
		Debug|Any CPU = Debug|Any CPU
		Release|Any CPU = Release|Any CPU
	EndGlobalSection
	GlobalSection(ProjectConfigurationPlatforms) = postSolution
		{0C51206D-B25D-4243-9DEC-EF52694C4A69}.Debug|Any CPU.ActiveCfg = Debug|Any CPU
		{0C51206D-B25D-4243-9DEC-EF52694C4A69}.Debug|Any CPU.Build.0 = Debug|Any CPU
		{0C51206D-B25D-4243-9DEC-EF52694C4A69}.Release|Any CPU.ActiveCfg = Release|Any CPU
		{0C51206D-B25D-4243-9DEC-EF52694C4A69}.Release|Any CPU.Build.0 = Release|Any CPU
		{3E2E2D71-320C-46AB-A228-14831A4353F5}.Debug|Any CPU.ActiveCfg = Debug|Any CPU
		{3E2E2D71-320C-46AB-A228-14831A4353F5}.Debug|Any CPU.Build.0 = Debug|Any CPU
		{3E2E2D71-320C-46AB-A228-14831A4353F5}.Debug|Any CPU.Deploy.0 = Debug|Any CPU
		{3E2E2D71-320C-46AB-A228-14831A4353F5}.Release|Any CPU.ActiveCfg = Release|Any CPU
		{3E2E2D71-320C-46AB-A228-14831A4353F5}.Release|Any CPU.Build.0 = Release|Any CPU
		{3E2E2D71-320C-46AB-A228-14831A4353F5}.Release|Any CPU.Deploy.0 = Release|Any CPU
	EndGlobalSection
	GlobalSection(SolutionProperties) = preSolution
		HideSolutionNode = FALSE
	EndGlobalSection
	GlobalSection(ExtensibilityGlobals) = postSolution
		SolutionGuid = {C3FAC97B-295E-4167-BC54-94FAE0E2E034}
	EndGlobalSection
EndGlobal
